// !$*UTF8*$!
{
	archiveVersion = 1;
	classes = {
	};
	objectVersion = 48;
	objects = {

/* Begin PBXBuildFile section */
		4275329E208605480089BA91 /* HelloGemViewController.swift in Sources */ = {isa = PBXBuildFile; fileRef = 4275329D208605480089BA91 /* HelloGemViewController.swift */; };
		427532A12086054D0089BA91 /* HelloVietNamViewController.swift in Sources */ = {isa = PBXBuildFile; fileRef = 4275329F2086054D0089BA91 /* HelloVietNamViewController.swift */; };
		427532A22086054D0089BA91 /* HelloVietNamViewController.xib in Resources */ = {isa = PBXBuildFile; fileRef = 427532A02086054D0089BA91 /* HelloVietNamViewController.xib */; };
		427532A5208605530089BA91 /* HelloWorldViewControler.xib in Resources */ = {isa = PBXBuildFile; fileRef = 427532A3208605530089BA91 /* HelloWorldViewControler.xib */; };
		427532A6208605530089BA91 /* HelloWorldViewControler.swift in Sources */ = {isa = PBXBuildFile; fileRef = 427532A4208605530089BA91 /* HelloWorldViewControler.swift */; };
		427532A8208605580089BA91 /* HelloSingaporeViewController.swift in Sources */ = {isa = PBXBuildFile; fileRef = 427532A7208605580089BA91 /* HelloSingaporeViewController.swift */; };
		427532AA208605A60089BA91 /* Constant.swift in Sources */ = {isa = PBXBuildFile; fileRef = 427532A9208605A60089BA91 /* Constant.swift */; };
		427532AC208606110089BA91 /* UIColorExtention.swift in Sources */ = {isa = PBXBuildFile; fileRef = 427532AB208606110089BA91 /* UIColorExtention.swift */; };
		427532AF208606720089BA91 /* Singleton.swift in Sources */ = {isa = PBXBuildFile; fileRef = 427532AE208606720089BA91 /* Singleton.swift */; };
		427532B3208609230089BA91 /* MyTableViewCell.swift in Sources */ = {isa = PBXBuildFile; fileRef = 427532B1208609230089BA91 /* MyTableViewCell.swift */; };
		427532B4208609230089BA91 /* MyTableViewCell.xib in Resources */ = {isa = PBXBuildFile; fileRef = 427532B2208609230089BA91 /* MyTableViewCell.xib */; };
		52A4E347547BF31547C6903D /* Pods_HelloWorld.framework in Frameworks */ = {isa = PBXBuildFile; fileRef = 316FB5001C786BFD724AF8FC /* Pods_HelloWorld.framework */; };
		574EEB8F393F8DE27F19C019 /* Pods_HelloWorldTests.framework in Frameworks */ = {isa = PBXBuildFile; fileRef = 7EAC37C6A27758C27036FD01 /* Pods_HelloWorldTests.framework */; };
		AE171B3920899C8100A24327 /* APIServiceAgent.swift in Sources */ = {isa = PBXBuildFile; fileRef = AE171B3620899C8000A24327 /* APIServiceAgent.swift */; };
		AE171B3A20899C8100A24327 /* APIRequestProvider.swift in Sources */ = {isa = PBXBuildFile; fileRef = AE171B3720899C8000A24327 /* APIRequestProvider.swift */; };
		AE171B3B20899C8100A24327 /* APIServiceObject.swift in Sources */ = {isa = PBXBuildFile; fileRef = AE171B3820899C8000A24327 /* APIServiceObject.swift */; };
		AE171B3D20899E4700A24327 /* UserServices.swift in Sources */ = {isa = PBXBuildFile; fileRef = AE171B3C20899E4700A24327 /* UserServices.swift */; };
		AE171B3F2089A01B00A24327 /* UIViewControllerExtension.swift in Sources */ = {isa = PBXBuildFile; fileRef = AE171B3E2089A01B00A24327 /* UIViewControllerExtension.swift */; };
		AE224AD62084892700D85CD2 /* AppDelegate.swift in Sources */ = {isa = PBXBuildFile; fileRef = AE224ACE2084892400D85CD2 /* AppDelegate.swift */; };
		AE224AD72084892700D85CD2 /* LoginViewController.swift in Sources */ = {isa = PBXBuildFile; fileRef = AE224ACF2084892500D85CD2 /* LoginViewController.swift */; };
		AEDE72B1207B12FD00771B25 /* Main.storyboard in Resources */ = {isa = PBXBuildFile; fileRef = AEDE72AF207B12FD00771B25 /* Main.storyboard */; };
		AEDE72B3207B12FD00771B25 /* Assets.xcassets in Resources */ = {isa = PBXBuildFile; fileRef = AEDE72B2207B12FD00771B25 /* Assets.xcassets */; };
		AEDE72B6207B12FD00771B25 /* LaunchScreen.storyboard in Resources */ = {isa = PBXBuildFile; fileRef = AEDE72B4207B12FD00771B25 /* LaunchScreen.storyboard */; };
		AEDE72C1207B12FD00771B25 /* HelloWorldTests.swift in Sources */ = {isa = PBXBuildFile; fileRef = AEDE72C0207B12FD00771B25 /* HelloWorldTests.swift */; };
		AEDE72CC207B12FD00771B25 /* HelloWorldUITests.swift in Sources */ = {isa = PBXBuildFile; fileRef = AEDE72CB207B12FD00771B25 /* HelloWorldUITests.swift */; };
		BCE73932EB0AC75DAE85E78A /* Pods_HelloWorldUITests.framework in Frameworks */ = {isa = PBXBuildFile; fileRef = 7FC4358D6ACD44B0DF95EC55 /* Pods_HelloWorldUITests.framework */; };
/* End PBXBuildFile section */

/* Begin PBXContainerItemProxy section */
		AEDE72BD207B12FD00771B25 /* PBXContainerItemProxy */ = {
			isa = PBXContainerItemProxy;
			containerPortal = AEDE72A0207B12FD00771B25 /* Project object */;
			proxyType = 1;
			remoteGlobalIDString = AEDE72A7207B12FD00771B25;
			remoteInfo = HelloWorld;
		};
		AEDE72C8207B12FD00771B25 /* PBXContainerItemProxy */ = {
			isa = PBXContainerItemProxy;
			containerPortal = AEDE72A0207B12FD00771B25 /* Project object */;
			proxyType = 1;
			remoteGlobalIDString = AEDE72A7207B12FD00771B25;
			remoteInfo = HelloWorld;
		};
/* End PBXContainerItemProxy section */

/* Begin PBXFileReference section */
		316FB5001C786BFD724AF8FC /* Pods_HelloWorld.framework */ = {isa = PBXFileReference; explicitFileType = wrapper.framework; includeInIndex = 0; path = Pods_HelloWorld.framework; sourceTree = BUILT_PRODUCTS_DIR; };
		4275329D208605480089BA91 /* HelloGemViewController.swift */ = {isa = PBXFileReference; fileEncoding = 4; lastKnownFileType = sourcecode.swift; path = HelloGemViewController.swift; sourceTree = "<group>"; };
		4275329F2086054D0089BA91 /* HelloVietNamViewController.swift */ = {isa = PBXFileReference; fileEncoding = 4; lastKnownFileType = sourcecode.swift; path = HelloVietNamViewController.swift; sourceTree = "<group>"; };
		427532A02086054D0089BA91 /* HelloVietNamViewController.xib */ = {isa = PBXFileReference; fileEncoding = 4; lastKnownFileType = file.xib; path = HelloVietNamViewController.xib; sourceTree = "<group>"; };
		427532A3208605530089BA91 /* HelloWorldViewControler.xib */ = {isa = PBXFileReference; fileEncoding = 4; lastKnownFileType = file.xib; path = HelloWorldViewControler.xib; sourceTree = "<group>"; };
		427532A4208605530089BA91 /* HelloWorldViewControler.swift */ = {isa = PBXFileReference; fileEncoding = 4; lastKnownFileType = sourcecode.swift; path = HelloWorldViewControler.swift; sourceTree = "<group>"; };
		427532A7208605580089BA91 /* HelloSingaporeViewController.swift */ = {isa = PBXFileReference; fileEncoding = 4; lastKnownFileType = sourcecode.swift; path = HelloSingaporeViewController.swift; sourceTree = "<group>"; };
		427532A9208605A60089BA91 /* Constant.swift */ = {isa = PBXFileReference; lastKnownFileType = sourcecode.swift; path = Constant.swift; sourceTree = "<group>"; };
		427532AB208606110089BA91 /* UIColorExtention.swift */ = {isa = PBXFileReference; fileEncoding = 4; lastKnownFileType = sourcecode.swift; path = UIColorExtention.swift; sourceTree = "<group>"; };
		427532AE208606720089BA91 /* Singleton.swift */ = {isa = PBXFileReference; fileEncoding = 4; lastKnownFileType = sourcecode.swift; path = Singleton.swift; sourceTree = "<group>"; };
		427532B1208609230089BA91 /* MyTableViewCell.swift */ = {isa = PBXFileReference; lastKnownFileType = sourcecode.swift; path = MyTableViewCell.swift; sourceTree = "<group>"; };
		427532B2208609230089BA91 /* MyTableViewCell.xib */ = {isa = PBXFileReference; lastKnownFileType = file.xib; path = MyTableViewCell.xib; sourceTree = "<group>"; };
		7866ABD8834B1BD10354DB26 /* Pods-HelloWorld.debug.xcconfig */ = {isa = PBXFileReference; includeInIndex = 1; lastKnownFileType = text.xcconfig; name = "Pods-HelloWorld.debug.xcconfig"; path = "Pods/Target Support Files/Pods-HelloWorld/Pods-HelloWorld.debug.xcconfig"; sourceTree = "<group>"; };
		7D0715EB6E80AC315D31C510 /* Pods-HelloWorldTests.release.xcconfig */ = {isa = PBXFileReference; includeInIndex = 1; lastKnownFileType = text.xcconfig; name = "Pods-HelloWorldTests.release.xcconfig"; path = "Pods/Target Support Files/Pods-HelloWorldTests/Pods-HelloWorldTests.release.xcconfig"; sourceTree = "<group>"; };
		7EAC37C6A27758C27036FD01 /* Pods_HelloWorldTests.framework */ = {isa = PBXFileReference; explicitFileType = wrapper.framework; includeInIndex = 0; path = Pods_HelloWorldTests.framework; sourceTree = BUILT_PRODUCTS_DIR; };
		7FC4358D6ACD44B0DF95EC55 /* Pods_HelloWorldUITests.framework */ = {isa = PBXFileReference; explicitFileType = wrapper.framework; includeInIndex = 0; path = Pods_HelloWorldUITests.framework; sourceTree = BUILT_PRODUCTS_DIR; };
		AE171B3620899C8000A24327 /* APIServiceAgent.swift */ = {isa = PBXFileReference; fileEncoding = 4; lastKnownFileType = sourcecode.swift; path = APIServiceAgent.swift; sourceTree = "<group>"; };
		AE171B3720899C8000A24327 /* APIRequestProvider.swift */ = {isa = PBXFileReference; fileEncoding = 4; lastKnownFileType = sourcecode.swift; path = APIRequestProvider.swift; sourceTree = "<group>"; };
		AE171B3820899C8000A24327 /* APIServiceObject.swift */ = {isa = PBXFileReference; fileEncoding = 4; lastKnownFileType = sourcecode.swift; path = APIServiceObject.swift; sourceTree = "<group>"; };
		AE171B3C20899E4700A24327 /* UserServices.swift */ = {isa = PBXFileReference; lastKnownFileType = sourcecode.swift; path = UserServices.swift; sourceTree = "<group>"; };
		AE171B3E2089A01B00A24327 /* UIViewControllerExtension.swift */ = {isa = PBXFileReference; fileEncoding = 4; lastKnownFileType = sourcecode.swift; path = UIViewControllerExtension.swift; sourceTree = "<group>"; };
		AE224AC92084892000D85CD2 /* HelloWorld-Bridging-Header.h */ = {isa = PBXFileReference; lastKnownFileType = sourcecode.c.h; path = "HelloWorld-Bridging-Header.h"; sourceTree = "<group>"; };
		AE224ACE2084892400D85CD2 /* AppDelegate.swift */ = {isa = PBXFileReference; fileEncoding = 4; lastKnownFileType = sourcecode.swift; path = AppDelegate.swift; sourceTree = "<group>"; };
		AE224ACF2084892500D85CD2 /* LoginViewController.swift */ = {isa = PBXFileReference; fileEncoding = 4; lastKnownFileType = sourcecode.swift; path = LoginViewController.swift; sourceTree = "<group>"; };
		AEDE72A8207B12FD00771B25 /* HelloWorld.app */ = {isa = PBXFileReference; explicitFileType = wrapper.application; includeInIndex = 0; path = HelloWorld.app; sourceTree = BUILT_PRODUCTS_DIR; };
		AEDE72B0207B12FD00771B25 /* Base */ = {isa = PBXFileReference; lastKnownFileType = file.storyboard; name = Base; path = Base.lproj/Main.storyboard; sourceTree = "<group>"; };
		AEDE72B2207B12FD00771B25 /* Assets.xcassets */ = {isa = PBXFileReference; lastKnownFileType = folder.assetcatalog; path = Assets.xcassets; sourceTree = "<group>"; };
		AEDE72B5207B12FD00771B25 /* Base */ = {isa = PBXFileReference; lastKnownFileType = file.storyboard; name = Base; path = Base.lproj/LaunchScreen.storyboard; sourceTree = "<group>"; };
		AEDE72B7207B12FD00771B25 /* Info.plist */ = {isa = PBXFileReference; lastKnownFileType = text.plist.xml; path = Info.plist; sourceTree = "<group>"; };
		AEDE72BC207B12FD00771B25 /* HelloWorldTests.xctest */ = {isa = PBXFileReference; explicitFileType = wrapper.cfbundle; includeInIndex = 0; path = HelloWorldTests.xctest; sourceTree = BUILT_PRODUCTS_DIR; };
		AEDE72C0207B12FD00771B25 /* HelloWorldTests.swift */ = {isa = PBXFileReference; lastKnownFileType = sourcecode.swift; path = HelloWorldTests.swift; sourceTree = "<group>"; };
		AEDE72C2207B12FD00771B25 /* Info.plist */ = {isa = PBXFileReference; lastKnownFileType = text.plist.xml; path = Info.plist; sourceTree = "<group>"; };
		AEDE72C7207B12FD00771B25 /* HelloWorldUITests.xctest */ = {isa = PBXFileReference; explicitFileType = wrapper.cfbundle; includeInIndex = 0; path = HelloWorldUITests.xctest; sourceTree = BUILT_PRODUCTS_DIR; };
		AEDE72CB207B12FD00771B25 /* HelloWorldUITests.swift */ = {isa = PBXFileReference; lastKnownFileType = sourcecode.swift; path = HelloWorldUITests.swift; sourceTree = "<group>"; };
		AEDE72CD207B12FD00771B25 /* Info.plist */ = {isa = PBXFileReference; lastKnownFileType = text.plist.xml; path = Info.plist; sourceTree = "<group>"; };
		AFE4B65ECFBE6D8693D5E629 /* Pods-HelloWorldUITests.debug.xcconfig */ = {isa = PBXFileReference; includeInIndex = 1; lastKnownFileType = text.xcconfig; name = "Pods-HelloWorldUITests.debug.xcconfig"; path = "Pods/Target Support Files/Pods-HelloWorldUITests/Pods-HelloWorldUITests.debug.xcconfig"; sourceTree = "<group>"; };
		BB2501823A3B531D4571B5E2 /* Pods-HelloWorldTests.debug.xcconfig */ = {isa = PBXFileReference; includeInIndex = 1; lastKnownFileType = text.xcconfig; name = "Pods-HelloWorldTests.debug.xcconfig"; path = "Pods/Target Support Files/Pods-HelloWorldTests/Pods-HelloWorldTests.debug.xcconfig"; sourceTree = "<group>"; };
		DBE2E9C301070B18F87BFD9C /* Pods-HelloWorldUITests.release.xcconfig */ = {isa = PBXFileReference; includeInIndex = 1; lastKnownFileType = text.xcconfig; name = "Pods-HelloWorldUITests.release.xcconfig"; path = "Pods/Target Support Files/Pods-HelloWorldUITests/Pods-HelloWorldUITests.release.xcconfig"; sourceTree = "<group>"; };
		E1AE7EBB8B3CF229C286C89F /* Pods-HelloWorld.release.xcconfig */ = {isa = PBXFileReference; includeInIndex = 1; lastKnownFileType = text.xcconfig; name = "Pods-HelloWorld.release.xcconfig"; path = "Pods/Target Support Files/Pods-HelloWorld/Pods-HelloWorld.release.xcconfig"; sourceTree = "<group>"; };
/* End PBXFileReference section */

/* Begin PBXFrameworksBuildPhase section */
		AEDE72A5207B12FD00771B25 /* Frameworks */ = {
			isa = PBXFrameworksBuildPhase;
			buildActionMask = 2147483647;
			files = (
				52A4E347547BF31547C6903D /* Pods_HelloWorld.framework in Frameworks */,
			);
			runOnlyForDeploymentPostprocessing = 0;
		};
		AEDE72B9207B12FD00771B25 /* Frameworks */ = {
			isa = PBXFrameworksBuildPhase;
			buildActionMask = 2147483647;
			files = (
				574EEB8F393F8DE27F19C019 /* Pods_HelloWorldTests.framework in Frameworks */,
			);
			runOnlyForDeploymentPostprocessing = 0;
		};
		AEDE72C4207B12FD00771B25 /* Frameworks */ = {
			isa = PBXFrameworksBuildPhase;
			buildActionMask = 2147483647;
			files = (
				BCE73932EB0AC75DAE85E78A /* Pods_HelloWorldUITests.framework in Frameworks */,
			);
			runOnlyForDeploymentPostprocessing = 0;
		};
/* End PBXFrameworksBuildPhase section */

/* Begin PBXGroup section */
		4275328B208604170089BA91 /* Scenes */ = {
			isa = PBXGroup;
			children = (
				4275329C208605310089BA91 /* HelloGem */,
				4275329B208605150089BA91 /* HelloVietNam */,
				4275329A2086050B0089BA91 /* HelloWorld */,
				42753299208604E00089BA91 /* HelloSingapore */,
			);
			path = Scenes;
			sourceTree = "<group>";
		};
		4275328C208604430089BA91 /* BaseComponents */ = {
			isa = PBXGroup;
			children = (
			);
			path = BaseComponents;
			sourceTree = "<group>";
		};
		4275328D208604520089BA91 /* Resource */ = {
			isa = PBXGroup;
			children = (
				42753295208604AC0089BA91 /* Sounds */,
				42753294208604A40089BA91 /* Localization */,
				427532932086049F0089BA91 /* Images */,
			);
			path = Resource;
			sourceTree = "<group>";
		};
		4275328E2086045C0089BA91 /* Helper */ = {
			isa = PBXGroup;
			children = (
				427532AD208606670089BA91 /* DataManager */,
				42753298208604D40089BA91 /* Library */,
				42753297208604CD0089BA91 /* Extension */,
				42753296208604BB0089BA91 /* Constant */,
			);
			path = Helper;
			sourceTree = "<group>";
		};
		4275328F208604690089BA91 /* Models */ = {
			isa = PBXGroup;
			children = (
				427532922086048E0089BA91 /* APIServices */,
				427532912086047F0089BA91 /* Models */,
				42753290208604790089BA91 /* DTOs */,
			);
			path = Models;
			sourceTree = "<group>";
		};
		42753290208604790089BA91 /* DTOs */ = {
			isa = PBXGroup;
			children = (
			);
			path = DTOs;
			sourceTree = "<group>";
		};
		427532912086047F0089BA91 /* Models */ = {
			isa = PBXGroup;
			children = (
			);
			path = Models;
			sourceTree = "<group>";
		};
		427532922086048E0089BA91 /* APIServices */ = {
			isa = PBXGroup;
			children = (
				AE171B3720899C8000A24327 /* APIRequestProvider.swift */,
				AE171B3620899C8000A24327 /* APIServiceAgent.swift */,
				AE171B3820899C8000A24327 /* APIServiceObject.swift */,
				AE171B3C20899E4700A24327 /* UserServices.swift */,
			);
			path = APIServices;
			sourceTree = "<group>";
		};
		427532932086049F0089BA91 /* Images */ = {
			isa = PBXGroup;
			children = (
			);
			path = Images;
			sourceTree = "<group>";
		};
		42753294208604A40089BA91 /* Localization */ = {
			isa = PBXGroup;
			children = (
			);
			path = Localization;
			sourceTree = "<group>";
		};
		42753295208604AC0089BA91 /* Sounds */ = {
			isa = PBXGroup;
			children = (
			);
			path = Sounds;
			sourceTree = "<group>";
		};
		42753296208604BB0089BA91 /* Constant */ = {
			isa = PBXGroup;
			children = (
				427532A9208605A60089BA91 /* Constant.swift */,
			);
			path = Constant;
			sourceTree = "<group>";
		};
		42753297208604CD0089BA91 /* Extension */ = {
			isa = PBXGroup;
			children = (
				427532AB208606110089BA91 /* UIColorExtention.swift */,
				AE171B3E2089A01B00A24327 /* UIViewControllerExtension.swift */,
			);
			path = Extension;
			sourceTree = "<group>";
		};
		42753298208604D40089BA91 /* Library */ = {
			isa = PBXGroup;
			children = (
			);
			path = Library;
			sourceTree = "<group>";
		};
		42753299208604E00089BA91 /* HelloSingapore */ = {
			isa = PBXGroup;
			children = (
				427532B0208609070089BA91 /* CustomViews */,
				427532A7208605580089BA91 /* HelloSingaporeViewController.swift */,
			);
			path = HelloSingapore;
			sourceTree = "<group>";
		};
		4275329A2086050B0089BA91 /* HelloWorld */ = {
			isa = PBXGroup;
			children = (
				427532A4208605530089BA91 /* HelloWorldViewControler.swift */,
				427532A3208605530089BA91 /* HelloWorldViewControler.xib */,
			);
			path = HelloWorld;
			sourceTree = "<group>";
		};
		4275329B208605150089BA91 /* HelloVietNam */ = {
			isa = PBXGroup;
			children = (
				4275329F2086054D0089BA91 /* HelloVietNamViewController.swift */,
				427532A02086054D0089BA91 /* HelloVietNamViewController.xib */,
			);
			path = HelloVietNam;
			sourceTree = "<group>";
		};
		4275329C208605310089BA91 /* HelloGem */ = {
			isa = PBXGroup;
			children = (
				4275329D208605480089BA91 /* HelloGemViewController.swift */,
			);
			path = HelloGem;
			sourceTree = "<group>";
		};
		427532AD208606670089BA91 /* DataManager */ = {
			isa = PBXGroup;
			children = (
				427532AE208606720089BA91 /* Singleton.swift */,
			);
			path = DataManager;
			sourceTree = "<group>";
		};
		427532B0208609070089BA91 /* CustomViews */ = {
			isa = PBXGroup;
			children = (
				427532B1208609230089BA91 /* MyTableViewCell.swift */,
				427532B2208609230089BA91 /* MyTableViewCell.xib */,
			);
			path = CustomViews;
			sourceTree = "<group>";
		};
		750634FAEDB86FF27041B779 /* Pods */ = {
			isa = PBXGroup;
			children = (
				7866ABD8834B1BD10354DB26 /* Pods-HelloWorld.debug.xcconfig */,
				E1AE7EBB8B3CF229C286C89F /* Pods-HelloWorld.release.xcconfig */,
				BB2501823A3B531D4571B5E2 /* Pods-HelloWorldTests.debug.xcconfig */,
				7D0715EB6E80AC315D31C510 /* Pods-HelloWorldTests.release.xcconfig */,
				AFE4B65ECFBE6D8693D5E629 /* Pods-HelloWorldUITests.debug.xcconfig */,
				DBE2E9C301070B18F87BFD9C /* Pods-HelloWorldUITests.release.xcconfig */,
			);
			name = Pods;
			sourceTree = "<group>";
		};
		AEDE729F207B12FD00771B25 = {
			isa = PBXGroup;
			children = (
				AEDE72AA207B12FD00771B25 /* HelloWorld */,
				AEDE72BF207B12FD00771B25 /* HelloWorldTests */,
				AEDE72CA207B12FD00771B25 /* HelloWorldUITests */,
				AEDE72A9207B12FD00771B25 /* Products */,
				750634FAEDB86FF27041B779 /* Pods */,
				EF0BCEF12CEF63E191FA32EF /* Frameworks */,
			);
			sourceTree = "<group>";
		};
		AEDE72A9207B12FD00771B25 /* Products */ = {
			isa = PBXGroup;
			children = (
				AEDE72A8207B12FD00771B25 /* HelloWorld.app */,
				AEDE72BC207B12FD00771B25 /* HelloWorldTests.xctest */,
				AEDE72C7207B12FD00771B25 /* HelloWorldUITests.xctest */,
			);
			name = Products;
			sourceTree = "<group>";
		};
		AEDE72AA207B12FD00771B25 /* HelloWorld */ = {
			isa = PBXGroup;
			children = (
				4275328F208604690089BA91 /* Models */,
				4275328E2086045C0089BA91 /* Helper */,
				4275328D208604520089BA91 /* Resource */,
				4275328C208604430089BA91 /* BaseComponents */,
				4275328B208604170089BA91 /* Scenes */,
				AE224ACE2084892400D85CD2 /* AppDelegate.swift */,
				AE224ACF2084892500D85CD2 /* LoginViewController.swift */,
				AEDE72AF207B12FD00771B25 /* Main.storyboard */,
				AEDE72B2207B12FD00771B25 /* Assets.xcassets */,
				AEDE72B4207B12FD00771B25 /* LaunchScreen.storyboard */,
				AEDE72B7207B12FD00771B25 /* Info.plist */,
				AE224AC92084892000D85CD2 /* HelloWorld-Bridging-Header.h */,
			);
			path = HelloWorld;
			sourceTree = "<group>";
		};
		AEDE72BF207B12FD00771B25 /* HelloWorldTests */ = {
			isa = PBXGroup;
			children = (
				AEDE72C0207B12FD00771B25 /* HelloWorldTests.swift */,
				AEDE72C2207B12FD00771B25 /* Info.plist */,
			);
			path = HelloWorldTests;
			sourceTree = "<group>";
		};
		AEDE72CA207B12FD00771B25 /* HelloWorldUITests */ = {
			isa = PBXGroup;
			children = (
				AEDE72CB207B12FD00771B25 /* HelloWorldUITests.swift */,
				AEDE72CD207B12FD00771B25 /* Info.plist */,
			);
			path = HelloWorldUITests;
			sourceTree = "<group>";
		};
		EF0BCEF12CEF63E191FA32EF /* Frameworks */ = {
			isa = PBXGroup;
			children = (
				316FB5001C786BFD724AF8FC /* Pods_HelloWorld.framework */,
				7EAC37C6A27758C27036FD01 /* Pods_HelloWorldTests.framework */,
				7FC4358D6ACD44B0DF95EC55 /* Pods_HelloWorldUITests.framework */,
			);
			name = Frameworks;
			sourceTree = "<group>";
		};
/* End PBXGroup section */

/* Begin PBXNativeTarget section */
		AEDE72A7207B12FD00771B25 /* HelloWorld */ = {
			isa = PBXNativeTarget;
			buildConfigurationList = AEDE72D0207B12FD00771B25 /* Build configuration list for PBXNativeTarget "HelloWorld" */;
			buildPhases = (
				AE0C6DA6020BB875692AEF6E /* [CP] Check Pods Manifest.lock */,
				AEDE72A4207B12FD00771B25 /* Sources */,
				AEDE72A5207B12FD00771B25 /* Frameworks */,
				AEDE72A6207B12FD00771B25 /* Resources */,
				87548A8E7BB69C6C11447EC1 /* [CP] Embed Pods Frameworks */,
				DABC2719D489FC0178F9D887 /* [CP] Copy Pods Resources */,
			);
			buildRules = (
			);
			dependencies = (
			);
			name = HelloWorld;
			productName = HelloWorld;
			productReference = AEDE72A8207B12FD00771B25 /* HelloWorld.app */;
			productType = "com.apple.product-type.application";
		};
		AEDE72BB207B12FD00771B25 /* HelloWorldTests */ = {
			isa = PBXNativeTarget;
			buildConfigurationList = AEDE72D3207B12FD00771B25 /* Build configuration list for PBXNativeTarget "HelloWorldTests" */;
			buildPhases = (
				F043949041773DD663B9269E /* [CP] Check Pods Manifest.lock */,
				AEDE72B8207B12FD00771B25 /* Sources */,
				AEDE72B9207B12FD00771B25 /* Frameworks */,
				AEDE72BA207B12FD00771B25 /* Resources */,
				42B2C288A474733FDD26DA1E /* [CP] Embed Pods Frameworks */,
				71FA909DE157E24986344482 /* [CP] Copy Pods Resources */,
			);
			buildRules = (
			);
			dependencies = (
				AEDE72BE207B12FD00771B25 /* PBXTargetDependency */,
			);
			name = HelloWorldTests;
			productName = HelloWorldTests;
			productReference = AEDE72BC207B12FD00771B25 /* HelloWorldTests.xctest */;
			productType = "com.apple.product-type.bundle.unit-test";
		};
		AEDE72C6207B12FD00771B25 /* HelloWorldUITests */ = {
			isa = PBXNativeTarget;
			buildConfigurationList = AEDE72D6207B12FD00771B25 /* Build configuration list for PBXNativeTarget "HelloWorldUITests" */;
			buildPhases = (
				70DA41B83317FAC5E224D150 /* [CP] Check Pods Manifest.lock */,
				AEDE72C3207B12FD00771B25 /* Sources */,
				AEDE72C4207B12FD00771B25 /* Frameworks */,
				AEDE72C5207B12FD00771B25 /* Resources */,
				14A928981B83B1212B0B2C8E /* [CP] Embed Pods Frameworks */,
				804B1346266F38035DCBB532 /* [CP] Copy Pods Resources */,
			);
			buildRules = (
			);
			dependencies = (
				AEDE72C9207B12FD00771B25 /* PBXTargetDependency */,
			);
			name = HelloWorldUITests;
			productName = HelloWorldUITests;
			productReference = AEDE72C7207B12FD00771B25 /* HelloWorldUITests.xctest */;
			productType = "com.apple.product-type.bundle.ui-testing";
		};
/* End PBXNativeTarget section */

/* Begin PBXProject section */
		AEDE72A0207B12FD00771B25 /* Project object */ = {
			isa = PBXProject;
			attributes = {
				LastSwiftUpdateCheck = 0920;
				LastUpgradeCheck = 0920;
				ORGANIZATIONNAME = hnc;
				TargetAttributes = {
					AEDE72A7207B12FD00771B25 = {
						CreatedOnToolsVersion = 9.2;
						LastSwiftMigration = 0920;
						ProvisioningStyle = Manual;
					};
					AEDE72BB207B12FD00771B25 = {
						CreatedOnToolsVersion = 9.2;
						ProvisioningStyle = Automatic;
						TestTargetID = AEDE72A7207B12FD00771B25;
					};
					AEDE72C6207B12FD00771B25 = {
						CreatedOnToolsVersion = 9.2;
						ProvisioningStyle = Automatic;
						TestTargetID = AEDE72A7207B12FD00771B25;
					};
				};
			};
			buildConfigurationList = AEDE72A3207B12FD00771B25 /* Build configuration list for PBXProject "HelloWorld" */;
			compatibilityVersion = "Xcode 8.0";
			developmentRegion = en;
			hasScannedForEncodings = 0;
			knownRegions = (
				en,
				Base,
			);
			mainGroup = AEDE729F207B12FD00771B25;
			productRefGroup = AEDE72A9207B12FD00771B25 /* Products */;
			projectDirPath = "";
			projectRoot = "";
			targets = (
				AEDE72A7207B12FD00771B25 /* HelloWorld */,
				AEDE72BB207B12FD00771B25 /* HelloWorldTests */,
				AEDE72C6207B12FD00771B25 /* HelloWorldUITests */,
			);
		};
/* End PBXProject section */

/* Begin PBXResourcesBuildPhase section */
		AEDE72A6207B12FD00771B25 /* Resources */ = {
			isa = PBXResourcesBuildPhase;
			buildActionMask = 2147483647;
			files = (
				AEDE72B6207B12FD00771B25 /* LaunchScreen.storyboard in Resources */,
				427532B4208609230089BA91 /* MyTableViewCell.xib in Resources */,
				AEDE72B3207B12FD00771B25 /* Assets.xcassets in Resources */,
				427532A5208605530089BA91 /* HelloWorldViewControler.xib in Resources */,
				427532A22086054D0089BA91 /* HelloVietNamViewController.xib in Resources */,
				AEDE72B1207B12FD00771B25 /* Main.storyboard in Resources */,
			);
			runOnlyForDeploymentPostprocessing = 0;
		};
		AEDE72BA207B12FD00771B25 /* Resources */ = {
			isa = PBXResourcesBuildPhase;
			buildActionMask = 2147483647;
			files = (
			);
			runOnlyForDeploymentPostprocessing = 0;
		};
		AEDE72C5207B12FD00771B25 /* Resources */ = {
			isa = PBXResourcesBuildPhase;
			buildActionMask = 2147483647;
			files = (
			);
			runOnlyForDeploymentPostprocessing = 0;
		};
/* End PBXResourcesBuildPhase section */

/* Begin PBXShellScriptBuildPhase section */
		14A928981B83B1212B0B2C8E /* [CP] Embed Pods Frameworks */ = {
			isa = PBXShellScriptBuildPhase;
			buildActionMask = 2147483647;
			files = (
			);
			inputPaths = (
			);
			name = "[CP] Embed Pods Frameworks";
			outputPaths = (
			);
			runOnlyForDeploymentPostprocessing = 0;
			shellPath = /bin/sh;
			shellScript = "\"${SRCROOT}/Pods/Target Support Files/Pods-HelloWorldUITests/Pods-HelloWorldUITests-frameworks.sh\"\n";
			showEnvVarsInLog = 0;
		};
		42B2C288A474733FDD26DA1E /* [CP] Embed Pods Frameworks */ = {
			isa = PBXShellScriptBuildPhase;
			buildActionMask = 2147483647;
			files = (
			);
			inputPaths = (
			);
			name = "[CP] Embed Pods Frameworks";
			outputPaths = (
			);
			runOnlyForDeploymentPostprocessing = 0;
			shellPath = /bin/sh;
			shellScript = "\"${SRCROOT}/Pods/Target Support Files/Pods-HelloWorldTests/Pods-HelloWorldTests-frameworks.sh\"\n";
			showEnvVarsInLog = 0;
		};
		70DA41B83317FAC5E224D150 /* [CP] Check Pods Manifest.lock */ = {
			isa = PBXShellScriptBuildPhase;
			buildActionMask = 2147483647;
			files = (
			);
			inputPaths = (
				"${PODS_PODFILE_DIR_PATH}/Podfile.lock",
				"${PODS_ROOT}/Manifest.lock",
			);
			name = "[CP] Check Pods Manifest.lock";
			outputPaths = (
				"$(DERIVED_FILE_DIR)/Pods-HelloWorldUITests-checkManifestLockResult.txt",
			);
			runOnlyForDeploymentPostprocessing = 0;
			shellPath = /bin/sh;
			shellScript = "diff \"${PODS_PODFILE_DIR_PATH}/Podfile.lock\" \"${PODS_ROOT}/Manifest.lock\" > /dev/null\nif [ $? != 0 ] ; then\n    # print error to STDERR\n    echo \"error: The sandbox is not in sync with the Podfile.lock. Run 'pod install' or update your CocoaPods installation.\" >&2\n    exit 1\nfi\n# This output is used by Xcode 'outputs' to avoid re-running this script phase.\necho \"SUCCESS\" > \"${SCRIPT_OUTPUT_FILE_0}\"\n";
			showEnvVarsInLog = 0;
		};
		71FA909DE157E24986344482 /* [CP] Copy Pods Resources */ = {
			isa = PBXShellScriptBuildPhase;
			buildActionMask = 2147483647;
			files = (
			);
			inputPaths = (
			);
			name = "[CP] Copy Pods Resources";
			outputPaths = (
			);
			runOnlyForDeploymentPostprocessing = 0;
			shellPath = /bin/sh;
			shellScript = "\"${SRCROOT}/Pods/Target Support Files/Pods-HelloWorldTests/Pods-HelloWorldTests-resources.sh\"\n";
			showEnvVarsInLog = 0;
		};
		804B1346266F38035DCBB532 /* [CP] Copy Pods Resources */ = {
			isa = PBXShellScriptBuildPhase;
			buildActionMask = 2147483647;
			files = (
			);
			inputPaths = (
			);
			name = "[CP] Copy Pods Resources";
			outputPaths = (
			);
			runOnlyForDeploymentPostprocessing = 0;
			shellPath = /bin/sh;
			shellScript = "\"${SRCROOT}/Pods/Target Support Files/Pods-HelloWorldUITests/Pods-HelloWorldUITests-resources.sh\"\n";
			showEnvVarsInLog = 0;
		};
		87548A8E7BB69C6C11447EC1 /* [CP] Embed Pods Frameworks */ = {
			isa = PBXShellScriptBuildPhase;
			buildActionMask = 2147483647;
			files = (
			);
			inputPaths = (
				"${SRCROOT}/Pods/Target Support Files/Pods-HelloWorld/Pods-HelloWorld-frameworks.sh",
				"${BUILT_PRODUCTS_DIR}/Alamofire/Alamofire.framework",
				"${BUILT_PRODUCTS_DIR}/MBProgressHUD/MBProgressHUD.framework",
				"${BUILT_PRODUCTS_DIR}/SwiftyJSON/SwiftyJSON.framework",
				"${BUILT_PRODUCTS_DIR}/TPKeyboardAvoiding/TPKeyboardAvoiding.framework",
			);
			name = "[CP] Embed Pods Frameworks";
			outputPaths = (
				"${TARGET_BUILD_DIR}/${FRAMEWORKS_FOLDER_PATH}/Alamofire.framework",
				"${TARGET_BUILD_DIR}/${FRAMEWORKS_FOLDER_PATH}/MBProgressHUD.framework",
				"${TARGET_BUILD_DIR}/${FRAMEWORKS_FOLDER_PATH}/SwiftyJSON.framework",
				"${TARGET_BUILD_DIR}/${FRAMEWORKS_FOLDER_PATH}/TPKeyboardAvoiding.framework",
			);
			runOnlyForDeploymentPostprocessing = 0;
			shellPath = /bin/sh;
			shellScript = "\"${SRCROOT}/Pods/Target Support Files/Pods-HelloWorld/Pods-HelloWorld-frameworks.sh\"\n";
			showEnvVarsInLog = 0;
		};
		AE0C6DA6020BB875692AEF6E /* [CP] Check Pods Manifest.lock */ = {
			isa = PBXShellScriptBuildPhase;
			buildActionMask = 2147483647;
			files = (
			);
			inputPaths = (
				"${PODS_PODFILE_DIR_PATH}/Podfile.lock",
				"${PODS_ROOT}/Manifest.lock",
			);
			name = "[CP] Check Pods Manifest.lock";
			outputPaths = (
				"$(DERIVED_FILE_DIR)/Pods-HelloWorld-checkManifestLockResult.txt",
			);
			runOnlyForDeploymentPostprocessing = 0;
			shellPath = /bin/sh;
			shellScript = "diff \"${PODS_PODFILE_DIR_PATH}/Podfile.lock\" \"${PODS_ROOT}/Manifest.lock\" > /dev/null\nif [ $? != 0 ] ; then\n    # print error to STDERR\n    echo \"error: The sandbox is not in sync with the Podfile.lock. Run 'pod install' or update your CocoaPods installation.\" >&2\n    exit 1\nfi\n# This output is used by Xcode 'outputs' to avoid re-running this script phase.\necho \"SUCCESS\" > \"${SCRIPT_OUTPUT_FILE_0}\"\n";
			showEnvVarsInLog = 0;
		};
		DABC2719D489FC0178F9D887 /* [CP] Copy Pods Resources */ = {
			isa = PBXShellScriptBuildPhase;
			buildActionMask = 2147483647;
			files = (
			);
			inputPaths = (
			);
			name = "[CP] Copy Pods Resources";
			outputPaths = (
			);
			runOnlyForDeploymentPostprocessing = 0;
			shellPath = /bin/sh;
			shellScript = "\"${SRCROOT}/Pods/Target Support Files/Pods-HelloWorld/Pods-HelloWorld-resources.sh\"\n";
			showEnvVarsInLog = 0;
		};
		F043949041773DD663B9269E /* [CP] Check Pods Manifest.lock */ = {
			isa = PBXShellScriptBuildPhase;
			buildActionMask = 2147483647;
			files = (
			);
			inputPaths = (
				"${PODS_PODFILE_DIR_PATH}/Podfile.lock",
				"${PODS_ROOT}/Manifest.lock",
			);
			name = "[CP] Check Pods Manifest.lock";
			outputPaths = (
				"$(DERIVED_FILE_DIR)/Pods-HelloWorldTests-checkManifestLockResult.txt",
			);
			runOnlyForDeploymentPostprocessing = 0;
			shellPath = /bin/sh;
			shellScript = "diff \"${PODS_PODFILE_DIR_PATH}/Podfile.lock\" \"${PODS_ROOT}/Manifest.lock\" > /dev/null\nif [ $? != 0 ] ; then\n    # print error to STDERR\n    echo \"error: The sandbox is not in sync with the Podfile.lock. Run 'pod install' or update your CocoaPods installation.\" >&2\n    exit 1\nfi\n# This output is used by Xcode 'outputs' to avoid re-running this script phase.\necho \"SUCCESS\" > \"${SCRIPT_OUTPUT_FILE_0}\"\n";
			showEnvVarsInLog = 0;
		};
/* End PBXShellScriptBuildPhase section */

/* Begin PBXSourcesBuildPhase section */
		AEDE72A4207B12FD00771B25 /* Sources */ = {
			isa = PBXSourcesBuildPhase;
			buildActionMask = 2147483647;
			files = (
				427532AA208605A60089BA91 /* Constant.swift in Sources */,
				AE171B3A20899C8100A24327 /* APIRequestProvider.swift in Sources */,
				AE171B3F2089A01B00A24327 /* UIViewControllerExtension.swift in Sources */,
				AE171B3D20899E4700A24327 /* UserServices.swift in Sources */,
				427532AF208606720089BA91 /* Singleton.swift in Sources */,
				AE224AD72084892700D85CD2 /* LoginViewController.swift in Sources */,
				427532B3208609230089BA91 /* MyTableViewCell.swift in Sources */,
				AE224AD62084892700D85CD2 /* AppDelegate.swift in Sources */,
				AE171B3920899C8100A24327 /* APIServiceAgent.swift in Sources */,
				427532A8208605580089BA91 /* HelloSingaporeViewController.swift in Sources */,
				427532AC208606110089BA91 /* UIColorExtention.swift in Sources */,
				427532A12086054D0089BA91 /* HelloVietNamViewController.swift in Sources */,
				AE171B3B20899C8100A24327 /* APIServiceObject.swift in Sources */,
				427532A6208605530089BA91 /* HelloWorldViewControler.swift in Sources */,
				4275329E208605480089BA91 /* HelloGemViewController.swift in Sources */,
			);
			runOnlyForDeploymentPostprocessing = 0;
		};
		AEDE72B8207B12FD00771B25 /* Sources */ = {
			isa = PBXSourcesBuildPhase;
			buildActionMask = 2147483647;
			files = (
				AEDE72C1207B12FD00771B25 /* HelloWorldTests.swift in Sources */,
			);
			runOnlyForDeploymentPostprocessing = 0;
		};
		AEDE72C3207B12FD00771B25 /* Sources */ = {
			isa = PBXSourcesBuildPhase;
			buildActionMask = 2147483647;
			files = (
				AEDE72CC207B12FD00771B25 /* HelloWorldUITests.swift in Sources */,
			);
			runOnlyForDeploymentPostprocessing = 0;
		};
/* End PBXSourcesBuildPhase section */

/* Begin PBXTargetDependency section */
		AEDE72BE207B12FD00771B25 /* PBXTargetDependency */ = {
			isa = PBXTargetDependency;
			target = AEDE72A7207B12FD00771B25 /* HelloWorld */;
			targetProxy = AEDE72BD207B12FD00771B25 /* PBXContainerItemProxy */;
		};
		AEDE72C9207B12FD00771B25 /* PBXTargetDependency */ = {
			isa = PBXTargetDependency;
			target = AEDE72A7207B12FD00771B25 /* HelloWorld */;
			targetProxy = AEDE72C8207B12FD00771B25 /* PBXContainerItemProxy */;
		};
/* End PBXTargetDependency section */

/* Begin PBXVariantGroup section */
		AEDE72AF207B12FD00771B25 /* Main.storyboard */ = {
			isa = PBXVariantGroup;
			children = (
				AEDE72B0207B12FD00771B25 /* Base */,
			);
			name = Main.storyboard;
			sourceTree = "<group>";
		};
		AEDE72B4207B12FD00771B25 /* LaunchScreen.storyboard */ = {
			isa = PBXVariantGroup;
			children = (
				AEDE72B5207B12FD00771B25 /* Base */,
			);
			name = LaunchScreen.storyboard;
			sourceTree = "<group>";
		};
/* End PBXVariantGroup section */

/* Begin XCBuildConfiguration section */
		AEDE72CE207B12FD00771B25 /* Debug */ = {
			isa = XCBuildConfiguration;
			buildSettings = {
				ALWAYS_SEARCH_USER_PATHS = NO;
				CLANG_ANALYZER_NONNULL = YES;
				CLANG_ANALYZER_NUMBER_OBJECT_CONVERSION = YES_AGGRESSIVE;
				CLANG_CXX_LANGUAGE_STANDARD = "gnu++14";
				CLANG_CXX_LIBRARY = "libc++";
				CLANG_ENABLE_MODULES = YES;
				CLANG_ENABLE_OBJC_ARC = YES;
				CLANG_WARN_BLOCK_CAPTURE_AUTORELEASING = YES;
				CLANG_WARN_BOOL_CONVERSION = YES;
				CLANG_WARN_COMMA = YES;
				CLANG_WARN_CONSTANT_CONVERSION = YES;
				CLANG_WARN_DIRECT_OBJC_ISA_USAGE = YES_ERROR;
				CLANG_WARN_DOCUMENTATION_COMMENTS = YES;
				CLANG_WARN_EMPTY_BODY = YES;
				CLANG_WARN_ENUM_CONVERSION = YES;
				CLANG_WARN_INFINITE_RECURSION = YES;
				CLANG_WARN_INT_CONVERSION = YES;
				CLANG_WARN_NON_LITERAL_NULL_CONVERSION = YES;
				CLANG_WARN_OBJC_LITERAL_CONVERSION = YES;
				CLANG_WARN_OBJC_ROOT_CLASS = YES_ERROR;
				CLANG_WARN_RANGE_LOOP_ANALYSIS = YES;
				CLANG_WARN_STRICT_PROTOTYPES = YES;
				CLANG_WARN_SUSPICIOUS_MOVE = YES;
				CLANG_WARN_UNGUARDED_AVAILABILITY = YES_AGGRESSIVE;
				CLANG_WARN_UNREACHABLE_CODE = YES;
				CLANG_WARN__DUPLICATE_METHOD_MATCH = YES;
				CODE_SIGN_IDENTITY = "iPhone Developer";
				COPY_PHASE_STRIP = NO;
				DEBUG_INFORMATION_FORMAT = dwarf;
				ENABLE_STRICT_OBJC_MSGSEND = YES;
				ENABLE_TESTABILITY = YES;
				GCC_C_LANGUAGE_STANDARD = gnu11;
				GCC_DYNAMIC_NO_PIC = NO;
				GCC_NO_COMMON_BLOCKS = YES;
				GCC_OPTIMIZATION_LEVEL = 0;
				GCC_PREPROCESSOR_DEFINITIONS = (
					"DEBUG=1",
					"$(inherited)",
				);
				GCC_WARN_64_TO_32_BIT_CONVERSION = YES;
				GCC_WARN_ABOUT_RETURN_TYPE = YES_ERROR;
				GCC_WARN_UNDECLARED_SELECTOR = YES;
				GCC_WARN_UNINITIALIZED_AUTOS = YES_AGGRESSIVE;
				GCC_WARN_UNUSED_FUNCTION = YES;
				GCC_WARN_UNUSED_VARIABLE = YES;
				IPHONEOS_DEPLOYMENT_TARGET = 11.2;
				MTL_ENABLE_DEBUG_INFO = YES;
				ONLY_ACTIVE_ARCH = YES;
				SDKROOT = iphoneos;
				SWIFT_ACTIVE_COMPILATION_CONDITIONS = DEBUG;
				SWIFT_OPTIMIZATION_LEVEL = "-Onone";
			};
			name = Debug;
		};
		AEDE72CF207B12FD00771B25 /* Release */ = {
			isa = XCBuildConfiguration;
			buildSettings = {
				ALWAYS_SEARCH_USER_PATHS = NO;
				CLANG_ANALYZER_NONNULL = YES;
				CLANG_ANALYZER_NUMBER_OBJECT_CONVERSION = YES_AGGRESSIVE;
				CLANG_CXX_LANGUAGE_STANDARD = "gnu++14";
				CLANG_CXX_LIBRARY = "libc++";
				CLANG_ENABLE_MODULES = YES;
				CLANG_ENABLE_OBJC_ARC = YES;
				CLANG_WARN_BLOCK_CAPTURE_AUTORELEASING = YES;
				CLANG_WARN_BOOL_CONVERSION = YES;
				CLANG_WARN_COMMA = YES;
				CLANG_WARN_CONSTANT_CONVERSION = YES;
				CLANG_WARN_DIRECT_OBJC_ISA_USAGE = YES_ERROR;
				CLANG_WARN_DOCUMENTATION_COMMENTS = YES;
				CLANG_WARN_EMPTY_BODY = YES;
				CLANG_WARN_ENUM_CONVERSION = YES;
				CLANG_WARN_INFINITE_RECURSION = YES;
				CLANG_WARN_INT_CONVERSION = YES;
				CLANG_WARN_NON_LITERAL_NULL_CONVERSION = YES;
				CLANG_WARN_OBJC_LITERAL_CONVERSION = YES;
				CLANG_WARN_OBJC_ROOT_CLASS = YES_ERROR;
				CLANG_WARN_RANGE_LOOP_ANALYSIS = YES;
				CLANG_WARN_STRICT_PROTOTYPES = YES;
				CLANG_WARN_SUSPICIOUS_MOVE = YES;
				CLANG_WARN_UNGUARDED_AVAILABILITY = YES_AGGRESSIVE;
				CLANG_WARN_UNREACHABLE_CODE = YES;
				CLANG_WARN__DUPLICATE_METHOD_MATCH = YES;
				CODE_SIGN_IDENTITY = "iPhone Developer";
				COPY_PHASE_STRIP = NO;
				DEBUG_INFORMATION_FORMAT = "dwarf-with-dsym";
				ENABLE_NS_ASSERTIONS = NO;
				ENABLE_STRICT_OBJC_MSGSEND = YES;
				GCC_C_LANGUAGE_STANDARD = gnu11;
				GCC_NO_COMMON_BLOCKS = YES;
				GCC_WARN_64_TO_32_BIT_CONVERSION = YES;
				GCC_WARN_ABOUT_RETURN_TYPE = YES_ERROR;
				GCC_WARN_UNDECLARED_SELECTOR = YES;
				GCC_WARN_UNINITIALIZED_AUTOS = YES_AGGRESSIVE;
				GCC_WARN_UNUSED_FUNCTION = YES;
				GCC_WARN_UNUSED_VARIABLE = YES;
				IPHONEOS_DEPLOYMENT_TARGET = 11.2;
				MTL_ENABLE_DEBUG_INFO = NO;
				SDKROOT = iphoneos;
				SWIFT_OPTIMIZATION_LEVEL = "-Owholemodule";
				VALIDATE_PRODUCT = YES;
			};
			name = Release;
		};
		AEDE72D1207B12FD00771B25 /* Debug */ = {
			isa = XCBuildConfiguration;
			baseConfigurationReference = 7866ABD8834B1BD10354DB26 /* Pods-HelloWorld.debug.xcconfig */;
			buildSettings = {
				ASSETCATALOG_COMPILER_APPICON_NAME = AppIcon;
				CLANG_ENABLE_MODULES = YES;
				CODE_SIGN_STYLE = Manual;
				DEVELOPMENT_TEAM = "";
				INFOPLIST_FILE = HelloWorld/Info.plist;
				IPHONEOS_DEPLOYMENT_TARGET = 10.0;
				LD_RUNPATH_SEARCH_PATHS = "$(inherited) @executable_path/Frameworks";
				PRODUCT_BUNDLE_IDENTIFIER = com.gem.HelloWorld;
				PRODUCT_NAME = "$(TARGET_NAME)";
				PROVISIONING_PROFILE_SPECIFIER = "";
				SWIFT_OBJC_BRIDGING_HEADER = "HelloWorld/HelloWorld-Bridging-Header.h";
				SWIFT_OPTIMIZATION_LEVEL = "-Onone";
				SWIFT_VERSION = 4.0;
				TARGETED_DEVICE_FAMILY = "1,2";
			};
			name = Debug;
		};
		AEDE72D2207B12FD00771B25 /* Release */ = {
			isa = XCBuildConfiguration;
			baseConfigurationReference = E1AE7EBB8B3CF229C286C89F /* Pods-HelloWorld.release.xcconfig */;
			buildSettings = {
				ASSETCATALOG_COMPILER_APPICON_NAME = AppIcon;
				CLANG_ENABLE_MODULES = YES;
				CODE_SIGN_STYLE = Manual;
				DEVELOPMENT_TEAM = "";
				INFOPLIST_FILE = HelloWorld/Info.plist;
				IPHONEOS_DEPLOYMENT_TARGET = 10.0;
				LD_RUNPATH_SEARCH_PATHS = "$(inherited) @executable_path/Frameworks";
				PRODUCT_BUNDLE_IDENTIFIER = com.gem.HelloWorld;
				PRODUCT_NAME = "$(TARGET_NAME)";
				PROVISIONING_PROFILE_SPECIFIER = "";
				SWIFT_OBJC_BRIDGING_HEADER = "HelloWorld/HelloWorld-Bridging-Header.h";
				SWIFT_VERSION = 4.0;
				TARGETED_DEVICE_FAMILY = "1,2";
			};
			name = Release;
		};
		AEDE72D4207B12FD00771B25 /* Debug */ = {
			isa = XCBuildConfiguration;
			baseConfigurationReference = BB2501823A3B531D4571B5E2 /* Pods-HelloWorldTests.debug.xcconfig */;
			buildSettings = {
				ALWAYS_EMBED_SWIFT_STANDARD_LIBRARIES = YES;
				BUNDLE_LOADER = "$(TEST_HOST)";
				CODE_SIGN_STYLE = Automatic;
				INFOPLIST_FILE = HelloWorldTests/Info.plist;
				LD_RUNPATH_SEARCH_PATHS = "$(inherited) @executable_path/Frameworks @loader_path/Frameworks";
				PRODUCT_BUNDLE_IDENTIFIER = com.gem.HelloWorldTests;
				PRODUCT_NAME = "$(TARGET_NAME)";
				SWIFT_VERSION = 4.0;
				TARGETED_DEVICE_FAMILY = "1,2";
				TEST_HOST = "$(BUILT_PRODUCTS_DIR)/HelloWorld.app/HelloWorld";
			};
			name = Debug;
		};
		AEDE72D5207B12FD00771B25 /* Release */ = {
			isa = XCBuildConfiguration;
			baseConfigurationReference = 7D0715EB6E80AC315D31C510 /* Pods-HelloWorldTests.release.xcconfig */;
			buildSettings = {
				ALWAYS_EMBED_SWIFT_STANDARD_LIBRARIES = YES;
				BUNDLE_LOADER = "$(TEST_HOST)";
				CODE_SIGN_STYLE = Automatic;
				INFOPLIST_FILE = HelloWorldTests/Info.plist;
				LD_RUNPATH_SEARCH_PATHS = "$(inherited) @executable_path/Frameworks @loader_path/Frameworks";
				PRODUCT_BUNDLE_IDENTIFIER = com.gem.HelloWorldTests;
				PRODUCT_NAME = "$(TARGET_NAME)";
				SWIFT_VERSION = 4.0;
				TARGETED_DEVICE_FAMILY = "1,2";
				TEST_HOST = "$(BUILT_PRODUCTS_DIR)/HelloWorld.app/HelloWorld";
			};
			name = Release;
		};
		AEDE72D7207B12FD00771B25 /* Debug */ = {
			isa = XCBuildConfiguration;
			baseConfigurationReference = AFE4B65ECFBE6D8693D5E629 /* Pods-HelloWorldUITests.debug.xcconfig */;
			buildSettings = {
				ALWAYS_EMBED_SWIFT_STANDARD_LIBRARIES = YES;
				CODE_SIGN_STYLE = Automatic;
				INFOPLIST_FILE = HelloWorldUITests/Info.plist;
				LD_RUNPATH_SEARCH_PATHS = "$(inherited) @executable_path/Frameworks @loader_path/Frameworks";
				PRODUCT_BUNDLE_IDENTIFIER = com.gem.HelloWorldUITests;
				PRODUCT_NAME = "$(TARGET_NAME)";
				SWIFT_VERSION = 4.0;
				TARGETED_DEVICE_FAMILY = "1,2";
				TEST_TARGET_NAME = HelloWorld;
			};
			name = Debug;
		};
		AEDE72D8207B12FD00771B25 /* Release */ = {
			isa = XCBuildConfiguration;
			baseConfigurationReference = DBE2E9C301070B18F87BFD9C /* Pods-HelloWorldUITests.release.xcconfig */;
			buildSettings = {
				ALWAYS_EMBED_SWIFT_STANDARD_LIBRARIES = YES;
				CODE_SIGN_STYLE = Automatic;
				INFOPLIST_FILE = HelloWorldUITests/Info.plist;
				LD_RUNPATH_SEARCH_PATHS = "$(inherited) @executable_path/Frameworks @loader_path/Frameworks";
				PRODUCT_BUNDLE_IDENTIFIER = com.gem.HelloWorldUITests;
				PRODUCT_NAME = "$(TARGET_NAME)";
				SWIFT_VERSION = 4.0;
				TARGETED_DEVICE_FAMILY = "1,2";
				TEST_TARGET_NAME = HelloWorld;
			};
			name = Release;
		};
/* End XCBuildConfiguration section */

/* Begin XCConfigurationList section */
		AEDE72A3207B12FD00771B25 /* Build configuration list for PBXProject "HelloWorld" */ = {
			isa = XCConfigurationList;
			buildConfigurations = (
				AEDE72CE207B12FD00771B25 /* Debug */,
				AEDE72CF207B12FD00771B25 /* Release */,
			);
			defaultConfigurationIsVisible = 0;
			defaultConfigurationName = Release;
		};
		AEDE72D0207B12FD00771B25 /* Build configuration list for PBXNativeTarget "HelloWorld" */ = {
			isa = XCConfigurationList;
			buildConfigurations = (
				AEDE72D1207B12FD00771B25 /* Debug */,
				AEDE72D2207B12FD00771B25 /* Release */,
			);
			defaultConfigurationIsVisible = 0;
			defaultConfigurationName = Release;
		};
		AEDE72D3207B12FD00771B25 /* Build configuration list for PBXNativeTarget "HelloWorldTests" */ = {
			isa = XCConfigurationList;
			buildConfigurations = (
				AEDE72D4207B12FD00771B25 /* Debug */,
				AEDE72D5207B12FD00771B25 /* Release */,
			);
			defaultConfigurationIsVisible = 0;
			defaultConfigurationName = Release;
		};
		AEDE72D6207B12FD00771B25 /* Build configuration list for PBXNativeTarget "HelloWorldUITests" */ = {
			isa = XCConfigurationList;
			buildConfigurations = (
				AEDE72D7207B12FD00771B25 /* Debug */,
				AEDE72D8207B12FD00771B25 /* Release */,
			);
			defaultConfigurationIsVisible = 0;
			defaultConfigurationName = Release;
		};
/* End XCConfigurationList section */
	};
	rootObject = AEDE72A0207B12FD00771B25 /* Project object */;
}
